
Microsoft Visual Studio Solution File, Format Version 12.00
# Visual Studio 15
VisualStudioVersion = 15.0.27703.2018
MinimumVisualStudioVersion = 10.0.40219.1
Project("{888888A0-9F3D-457C-B088-3A5042F75D52}") = "DjangoWebProject3", "DjangoWebProject3\DjangoWebProject3.pyproj", "{DEA97482-63FB-45BE-9B6B-37C6A62404B2}"
EndProject
Global
	GlobalSection(SolutionConfigurationPlatforms) = preSolution
		Debug|Any CPU = Debug|Any CPU
		Release|Any CPU = Release|Any CPU
	EndGlobalSection
	GlobalSection(ProjectConfigurationPlatforms) = postSolution
		{DEA97482-63FB-45BE-9B6B-37C6A62404B2}.Debug|Any CPU.ActiveCfg = Debug|Any CPU
		{DEA97482-63FB-45BE-9B6B-37C6A62404B2}.Debug|Any CPU.Build.0 = Debug|Any CPU
		{DEA97482-63FB-45BE-9B6B-37C6A62404B2}.Release|Any CPU.ActiveCfg = Release|Any CPU
		{DEA97482-63FB-45BE-9B6B-37C6A62404B2}.Release|Any CPU.Build.0 = Release|Any CPU
	EndGlobalSection
	GlobalSection(SolutionProperties) = preSolution
		HideSolutionNode = FALSE
	EndGlobalSection
	GlobalSection(ExtensibilityGlobals) = postSolution
		SolutionGuid = {E4C9738C-99B8-4300-A11F-08C346C9D784}
	EndGlobalSection
EndGlobal
